// !$*UTF8*$!
{
	archiveVersion = 1;
	classes = {
	};
	objectVersion = 46;
	objects = {

/* Begin PBXBuildFile section */
		2F7F0696030342C40C27420E /* Pods_Tumblr.framework in Frameworks */ = {isa = PBXBuildFile; fileRef = 2BFE95B26BA46EC059B5486F /* Pods_Tumblr.framework */; };
		66B1D80F1E4442E40050034A /* AppDelegate.swift in Sources */ = {isa = PBXBuildFile; fileRef = 66B1D80E1E4442E40050034A /* AppDelegate.swift */; };
		66B1D8141E4442E40050034A /* Main.storyboard in Resources */ = {isa = PBXBuildFile; fileRef = 66B1D8121E4442E40050034A /* Main.storyboard */; };
		66B1D8161E4442E40050034A /* Assets.xcassets in Resources */ = {isa = PBXBuildFile; fileRef = 66B1D8151E4442E40050034A /* Assets.xcassets */; };
		66B1D8191E4442E40050034A /* LaunchScreen.storyboard in Resources */ = {isa = PBXBuildFile; fileRef = 66B1D8171E4442E40050034A /* LaunchScreen.storyboard */; };
		66B1D8241E4442E50050034A /* TumblrTests.swift in Sources */ = {isa = PBXBuildFile; fileRef = 66B1D8231E4442E50050034A /* TumblrTests.swift */; };
		66B1D82F1E4442E50050034A /* TumblrUITests.swift in Sources */ = {isa = PBXBuildFile; fileRef = 66B1D82E1E4442E50050034A /* TumblrUITests.swift */; };
		66B1D83D1E44468B0050034A /* PhotoViewController.swift in Sources */ = {isa = PBXBuildFile; fileRef = 66B1D83C1E44468B0050034A /* PhotoViewController.swift */; };
		66B1D8401E4451780050034A /* PhotoCellTableViewCell.swift in Sources */ = {isa = PBXBuildFile; fileRef = 66B1D83F1E4451780050034A /* PhotoCellTableViewCell.swift */; };
		8FEEF3C7F5F6916BBF0C6D59 /* Pods_TumblrTests.framework in Frameworks */ = {isa = PBXBuildFile; fileRef = 22B07F5950CFCA1C199BD54C /* Pods_TumblrTests.framework */; };
		DB5A107E8BE6FB80BF633DAB /* Pods_TumblrUITests.framework in Frameworks */ = {isa = PBXBuildFile; fileRef = E60A7410A3EC432D5F3E4E86 /* Pods_TumblrUITests.framework */; };
/* End PBXBuildFile section */

/* Begin PBXContainerItemProxy section */
		66B1D8201E4442E50050034A /* PBXContainerItemProxy */ = {
			isa = PBXContainerItemProxy;
			containerPortal = 66B1D8031E4442E40050034A /* Project object */;
			proxyType = 1;
			remoteGlobalIDString = 66B1D80A1E4442E40050034A;
			remoteInfo = Tumblr;
		};
		66B1D82B1E4442E50050034A /* PBXContainerItemProxy */ = {
			isa = PBXContainerItemProxy;
			containerPortal = 66B1D8031E4442E40050034A /* Project object */;
			proxyType = 1;
			remoteGlobalIDString = 66B1D80A1E4442E40050034A;
			remoteInfo = Tumblr;
		};
/* End PBXContainerItemProxy section */

/* Begin PBXFileReference section */
		01F34102EDC489578712C5F0 /* Pods-Tumblr.release.xcconfig */ = {isa = PBXFileReference; includeInIndex = 1; lastKnownFileType = text.xcconfig; name = "Pods-Tumblr.release.xcconfig"; path = "Pods/Target Support Files/Pods-Tumblr/Pods-Tumblr.release.xcconfig"; sourceTree = "<group>"; };
		22B07F5950CFCA1C199BD54C /* Pods_TumblrTests.framework */ = {isa = PBXFileReference; explicitFileType = wrapper.framework; includeInIndex = 0; path = Pods_TumblrTests.framework; sourceTree = BUILT_PRODUCTS_DIR; };
		2BFE95B26BA46EC059B5486F /* Pods_Tumblr.framework */ = {isa = PBXFileReference; explicitFileType = wrapper.framework; includeInIndex = 0; path = Pods_Tumblr.framework; sourceTree = BUILT_PRODUCTS_DIR; };
		66B1D80B1E4442E40050034A /* Tumblr.app */ = {isa = PBXFileReference; explicitFileType = wrapper.application; includeInIndex = 0; path = Tumblr.app; sourceTree = BUILT_PRODUCTS_DIR; };
		66B1D80E1E4442E40050034A /* AppDelegate.swift */ = {isa = PBXFileReference; lastKnownFileType = sourcecode.swift; path = AppDelegate.swift; sourceTree = "<group>"; };
		66B1D8131E4442E40050034A /* Base */ = {isa = PBXFileReference; lastKnownFileType = file.storyboard; name = Base; path = Base.lproj/Main.storyboard; sourceTree = "<group>"; };
		66B1D8151E4442E40050034A /* Assets.xcassets */ = {isa = PBXFileReference; lastKnownFileType = folder.assetcatalog; path = Assets.xcassets; sourceTree = "<group>"; };
		66B1D8181E4442E40050034A /* Base */ = {isa = PBXFileReference; lastKnownFileType = file.storyboard; name = Base; path = Base.lproj/LaunchScreen.storyboard; sourceTree = "<group>"; };
		66B1D81A1E4442E40050034A /* Info.plist */ = {isa = PBXFileReference; lastKnownFileType = text.plist.xml; path = Info.plist; sourceTree = "<group>"; };
		66B1D81F1E4442E50050034A /* TumblrTests.xctest */ = {isa = PBXFileReference; explicitFileType = wrapper.cfbundle; includeInIndex = 0; path = TumblrTests.xctest; sourceTree = BUILT_PRODUCTS_DIR; };
		66B1D8231E4442E50050034A /* TumblrTests.swift */ = {isa = PBXFileReference; lastKnownFileType = sourcecode.swift; path = TumblrTests.swift; sourceTree = "<group>"; };
		66B1D8251E4442E50050034A /* Info.plist */ = {isa = PBXFileReference; lastKnownFileType = text.plist.xml; path = Info.plist; sourceTree = "<group>"; };
		66B1D82A1E4442E50050034A /* TumblrUITests.xctest */ = {isa = PBXFileReference; explicitFileType = wrapper.cfbundle; includeInIndex = 0; path = TumblrUITests.xctest; sourceTree = BUILT_PRODUCTS_DIR; };
		66B1D82E1E4442E50050034A /* TumblrUITests.swift */ = {isa = PBXFileReference; lastKnownFileType = sourcecode.swift; path = TumblrUITests.swift; sourceTree = "<group>"; };
		66B1D8301E4442E50050034A /* Info.plist */ = {isa = PBXFileReference; lastKnownFileType = text.plist.xml; path = Info.plist; sourceTree = "<group>"; };
		66B1D83C1E44468B0050034A /* PhotoViewController.swift */ = {isa = PBXFileReference; fileEncoding = 4; lastKnownFileType = sourcecode.swift; path = PhotoViewController.swift; sourceTree = "<group>"; };
		66B1D83F1E4451780050034A /* PhotoCellTableViewCell.swift */ = {isa = PBXFileReference; fileEncoding = 4; lastKnownFileType = sourcecode.swift; path = PhotoCellTableViewCell.swift; sourceTree = "<group>"; };
		704485A6F6B76A9CD0D1328E /* Pods-Tumblr.debug.xcconfig */ = {isa = PBXFileReference; includeInIndex = 1; lastKnownFileType = text.xcconfig; name = "Pods-Tumblr.debug.xcconfig"; path = "Pods/Target Support Files/Pods-Tumblr/Pods-Tumblr.debug.xcconfig"; sourceTree = "<group>"; };
		71403201FB979480F41A856F /* Pods-TumblrTests.release.xcconfig */ = {isa = PBXFileReference; includeInIndex = 1; lastKnownFileType = text.xcconfig; name = "Pods-TumblrTests.release.xcconfig"; path = "Pods/Target Support Files/Pods-TumblrTests/Pods-TumblrTests.release.xcconfig"; sourceTree = "<group>"; };
		845045E0AB1485C7735F2091 /* Pods-TumblrUITests.debug.xcconfig */ = {isa = PBXFileReference; includeInIndex = 1; lastKnownFileType = text.xcconfig; name = "Pods-TumblrUITests.debug.xcconfig"; path = "Pods/Target Support Files/Pods-TumblrUITests/Pods-TumblrUITests.debug.xcconfig"; sourceTree = "<group>"; };
		E60A7410A3EC432D5F3E4E86 /* Pods_TumblrUITests.framework */ = {isa = PBXFileReference; explicitFileType = wrapper.framework; includeInIndex = 0; path = Pods_TumblrUITests.framework; sourceTree = BUILT_PRODUCTS_DIR; };
		E6EF4D9B01F1ECEDF97BA23E /* Pods-TumblrTests.debug.xcconfig */ = {isa = PBXFileReference; includeInIndex = 1; lastKnownFileType = text.xcconfig; name = "Pods-TumblrTests.debug.xcconfig"; path = "Pods/Target Support Files/Pods-TumblrTests/Pods-TumblrTests.debug.xcconfig"; sourceTree = "<group>"; };
		EEAEB42E2ABF7D9E1E68855B /* Pods-TumblrUITests.release.xcconfig */ = {isa = PBXFileReference; includeInIndex = 1; lastKnownFileType = text.xcconfig; name = "Pods-TumblrUITests.release.xcconfig"; path = "Pods/Target Support Files/Pods-TumblrUITests/Pods-TumblrUITests.release.xcconfig"; sourceTree = "<group>"; };
/* End PBXFileReference section */

/* Begin PBXFrameworksBuildPhase section */
		66B1D8081E4442E40050034A /* Frameworks */ = {
			isa = PBXFrameworksBuildPhase;
			buildActionMask = 2147483647;
			files = (
				2F7F0696030342C40C27420E /* Pods_Tumblr.framework in Frameworks */,
			);
			runOnlyForDeploymentPostprocessing = 0;
		};
		66B1D81C1E4442E50050034A /* Frameworks */ = {
			isa = PBXFrameworksBuildPhase;
			buildActionMask = 2147483647;
			files = (
				8FEEF3C7F5F6916BBF0C6D59 /* Pods_TumblrTests.framework in Frameworks */,
			);
			runOnlyForDeploymentPostprocessing = 0;
		};
		66B1D8271E4442E50050034A /* Frameworks */ = {
			isa = PBXFrameworksBuildPhase;
			buildActionMask = 2147483647;
			files = (
				DB5A107E8BE6FB80BF633DAB /* Pods_TumblrUITests.framework in Frameworks */,
			);
			runOnlyForDeploymentPostprocessing = 0;
		};
/* End PBXFrameworksBuildPhase section */

/* Begin PBXGroup section */
		66B1D8021E4442E40050034A = {
			isa = PBXGroup;
			children = (
				66B1D80D1E4442E40050034A /* Tumblr */,
				66B1D8221E4442E50050034A /* TumblrTests */,
				66B1D82D1E4442E50050034A /* TumblrUITests */,
				66B1D80C1E4442E40050034A /* Products */,
				F3487C8C2B7384A93229BF77 /* Pods */,
				F5ED1FCCE01E0BDA318E63EA /* Frameworks */,
			);
			sourceTree = "<group>";
		};
		66B1D80C1E4442E40050034A /* Products */ = {
			isa = PBXGroup;
			children = (
				66B1D80B1E4442E40050034A /* Tumblr.app */,
				66B1D81F1E4442E50050034A /* TumblrTests.xctest */,
				66B1D82A1E4442E50050034A /* TumblrUITests.xctest */,
			);
			name = Products;
			sourceTree = "<group>";
		};
		66B1D80D1E4442E40050034A /* Tumblr */ = {
			isa = PBXGroup;
			children = (
				66B1D83E1E4446990050034A /* VIew Controllers */,
				66B1D80E1E4442E40050034A /* AppDelegate.swift */,
				66B1D8121E4442E40050034A /* Main.storyboard */,
				66B1D83F1E4451780050034A /* PhotoCellTableViewCell.swift */,
				66B1D8151E4442E40050034A /* Assets.xcassets */,
				66B1D8171E4442E40050034A /* LaunchScreen.storyboard */,
				66B1D81A1E4442E40050034A /* Info.plist */,
			);
			path = Tumblr;
			sourceTree = "<group>";
		};
		66B1D8221E4442E50050034A /* TumblrTests */ = {
			isa = PBXGroup;
			children = (
				66B1D8231E4442E50050034A /* TumblrTests.swift */,
				66B1D8251E4442E50050034A /* Info.plist */,
			);
			path = TumblrTests;
			sourceTree = "<group>";
		};
		66B1D82D1E4442E50050034A /* TumblrUITests */ = {
			isa = PBXGroup;
			children = (
				66B1D82E1E4442E50050034A /* TumblrUITests.swift */,
				66B1D8301E4442E50050034A /* Info.plist */,
			);
			path = TumblrUITests;
			sourceTree = "<group>";
		};
		66B1D83E1E4446990050034A /* VIew Controllers */ = {
			isa = PBXGroup;
			children = (
				66B1D83C1E44468B0050034A /* PhotoViewController.swift */,
			);
			name = "VIew Controllers";
			sourceTree = "<group>";
		};
		F3487C8C2B7384A93229BF77 /* Pods */ = {
			isa = PBXGroup;
			children = (
				704485A6F6B76A9CD0D1328E /* Pods-Tumblr.debug.xcconfig */,
				01F34102EDC489578712C5F0 /* Pods-Tumblr.release.xcconfig */,
				E6EF4D9B01F1ECEDF97BA23E /* Pods-TumblrTests.debug.xcconfig */,
				71403201FB979480F41A856F /* Pods-TumblrTests.release.xcconfig */,
				845045E0AB1485C7735F2091 /* Pods-TumblrUITests.debug.xcconfig */,
				EEAEB42E2ABF7D9E1E68855B /* Pods-TumblrUITests.release.xcconfig */,
			);
			name = Pods;
			sourceTree = "<group>";
		};
		F5ED1FCCE01E0BDA318E63EA /* Frameworks */ = {
			isa = PBXGroup;
			children = (
				2BFE95B26BA46EC059B5486F /* Pods_Tumblr.framework */,
				22B07F5950CFCA1C199BD54C /* Pods_TumblrTests.framework */,
				E60A7410A3EC432D5F3E4E86 /* Pods_TumblrUITests.framework */,
			);
			name = Frameworks;
			sourceTree = "<group>";
		};
/* End PBXGroup section */

/* Begin PBXNativeTarget section */
		66B1D80A1E4442E40050034A /* Tumblr */ = {
			isa = PBXNativeTarget;
			buildConfigurationList = 66B1D8331E4442E50050034A /* Build configuration list for PBXNativeTarget "Tumblr" */;
			buildPhases = (
				C96F000B20C59150A350DB29 /* [CP] Check Pods Manifest.lock */,
				66B1D8071E4442E40050034A /* Sources */,
				66B1D8081E4442E40050034A /* Frameworks */,
				66B1D8091E4442E40050034A /* Resources */,
				CF4BF6A5C83923DA0BAE1699 /* [CP] Embed Pods Frameworks */,
				FD2F8E79E4BEEE4B841365C0 /* [CP] Copy Pods Resources */,
			);
			buildRules = (
			);
			dependencies = (
			);
			name = Tumblr;
			productName = Tumblr;
			productReference = 66B1D80B1E4442E40050034A /* Tumblr.app */;
			productType = "com.apple.product-type.application";
		};
		66B1D81E1E4442E50050034A /* TumblrTests */ = {
			isa = PBXNativeTarget;
			buildConfigurationList = 66B1D8361E4442E50050034A /* Build configuration list for PBXNativeTarget "TumblrTests" */;
			buildPhases = (
				E8B60D103D424BA74635F07F /* [CP] Check Pods Manifest.lock */,
				66B1D81B1E4442E50050034A /* Sources */,
				66B1D81C1E4442E50050034A /* Frameworks */,
				66B1D81D1E4442E50050034A /* Resources */,
				C6CBE01A90B1FCA9459B3FB5 /* [CP] Embed Pods Frameworks */,
				5A0DC16799AE15B89BAEB187 /* [CP] Copy Pods Resources */,
			);
			buildRules = (
			);
			dependencies = (
				66B1D8211E4442E50050034A /* PBXTargetDependency */,
			);
			name = TumblrTests;
			productName = TumblrTests;
			productReference = 66B1D81F1E4442E50050034A /* TumblrTests.xctest */;
			productType = "com.apple.product-type.bundle.unit-test";
		};
		66B1D8291E4442E50050034A /* TumblrUITests */ = {
			isa = PBXNativeTarget;
			buildConfigurationList = 66B1D8391E4442E50050034A /* Build configuration list for PBXNativeTarget "TumblrUITests" */;
			buildPhases = (
				D39C55B44C9511958AE69D3B /* [CP] Check Pods Manifest.lock */,
				66B1D8261E4442E50050034A /* Sources */,
				66B1D8271E4442E50050034A /* Frameworks */,
				66B1D8281E4442E50050034A /* Resources */,
				1DA4F9EB55B740498B1BDD0C /* [CP] Embed Pods Frameworks */,
				7CF13997F04B39C4580D3A12 /* [CP] Copy Pods Resources */,
			);
			buildRules = (
			);
			dependencies = (
				66B1D82C1E4442E50050034A /* PBXTargetDependency */,
			);
			name = TumblrUITests;
			productName = TumblrUITests;
			productReference = 66B1D82A1E4442E50050034A /* TumblrUITests.xctest */;
			productType = "com.apple.product-type.bundle.ui-testing";
		};
/* End PBXNativeTarget section */

/* Begin PBXProject section */
		66B1D8031E4442E40050034A /* Project object */ = {
			isa = PBXProject;
			attributes = {
				LastSwiftUpdateCheck = 0820;
				LastUpgradeCheck = 0820;
				ORGANIZATIONNAME = Jane;
				TargetAttributes = {
					66B1D80A1E4442E40050034A = {
						CreatedOnToolsVersion = 8.2.1;
						ProvisioningStyle = Automatic;
					};
					66B1D81E1E4442E50050034A = {
						CreatedOnToolsVersion = 8.2.1;
						ProvisioningStyle = Automatic;
						TestTargetID = 66B1D80A1E4442E40050034A;
					};
					66B1D8291E4442E50050034A = {
						CreatedOnToolsVersion = 8.2.1;
						ProvisioningStyle = Automatic;
						TestTargetID = 66B1D80A1E4442E40050034A;
					};
				};
			};
			buildConfigurationList = 66B1D8061E4442E40050034A /* Build configuration list for PBXProject "Tumblr" */;
			compatibilityVersion = "Xcode 3.2";
			developmentRegion = English;
			hasScannedForEncodings = 0;
			knownRegions = (
				en,
				Base,
			);
			mainGroup = 66B1D8021E4442E40050034A;
			productRefGroup = 66B1D80C1E4442E40050034A /* Products */;
			projectDirPath = "";
			projectRoot = "";
			targets = (
				66B1D80A1E4442E40050034A /* Tumblr */,
				66B1D81E1E4442E50050034A /* TumblrTests */,
				66B1D8291E4442E50050034A /* TumblrUITests */,
			);
		};
/* End PBXProject section */

/* Begin PBXResourcesBuildPhase section */
		66B1D8091E4442E40050034A /* Resources */ = {
			isa = PBXResourcesBuildPhase;
			buildActionMask = 2147483647;
			files = (
				66B1D8191E4442E40050034A /* LaunchScreen.storyboard in Resources */,
				66B1D8161E4442E40050034A /* Assets.xcassets in Resources */,
				66B1D8141E4442E40050034A /* Main.storyboard in Resources */,
			);
			runOnlyForDeploymentPostprocessing = 0;
		};
		66B1D81D1E4442E50050034A /* Resources */ = {
			isa = PBXResourcesBuildPhase;
			buildActionMask = 2147483647;
			files = (
			);
			runOnlyForDeploymentPostprocessing = 0;
		};
		66B1D8281E4442E50050034A /* Resources */ = {
			isa = PBXResourcesBuildPhase;
			buildActionMask = 2147483647;
			files = (
			);
			runOnlyForDeploymentPostprocessing = 0;
		};
/* End PBXResourcesBuildPhase section */

/* Begin PBXShellScriptBuildPhase section */
		1DA4F9EB55B740498B1BDD0C /* [CP] Embed Pods Frameworks */ = {
			isa = PBXShellScriptBuildPhase;
			buildActionMask = 2147483647;
			files = (
			);
			inputPaths = (
			);
			name = "[CP] Embed Pods Frameworks";
			outputPaths = (
			);
			runOnlyForDeploymentPostprocessing = 0;
			shellPath = /bin/sh;
			shellScript = "\"${SRCROOT}/Pods/Target Support Files/Pods-TumblrUITests/Pods-TumblrUITests-frameworks.sh\"\n";
			showEnvVarsInLog = 0;
		};
		5A0DC16799AE15B89BAEB187 /* [CP] Copy Pods Resources */ = {
			isa = PBXShellScriptBuildPhase;
			buildActionMask = 2147483647;
			files = (
			);
			inputPaths = (
			);
			name = "[CP] Copy Pods Resources";
			outputPaths = (
			);
			runOnlyForDeploymentPostprocessing = 0;
			shellPath = /bin/sh;
			shellScript = "\"${SRCROOT}/Pods/Target Support Files/Pods-TumblrTests/Pods-TumblrTests-resources.sh\"\n";
			showEnvVarsInLog = 0;
		};
		7CF13997F04B39C4580D3A12 /* [CP] Copy Pods Resources */ = {
			isa = PBXShellScriptBuildPhase;
			buildActionMask = 2147483647;
			files = (
			);
			inputPaths = (
			);
			name = "[CP] Copy Pods Resources";
			outputPaths = (
			);
			runOnlyForDeploymentPostprocessing = 0;
			shellPath = /bin/sh;
			shellScript = "\"${SRCROOT}/Pods/Target Support Files/Pods-TumblrUITests/Pods-TumblrUITests-resources.sh\"\n";
			showEnvVarsInLog = 0;
		};
		C6CBE01A90B1FCA9459B3FB5 /* [CP] Embed Pods Frameworks */ = {
			isa = PBXShellScriptBuildPhase;
			buildActionMask = 2147483647;
			files = (
			);
			inputPaths = (
			);
			name = "[CP] Embed Pods Frameworks";
			outputPaths = (
			);
			runOnlyForDeploymentPostprocessing = 0;
			shellPath = /bin/sh;
			shellScript = "\"${SRCROOT}/Pods/Target Support Files/Pods-TumblrTests/Pods-TumblrTests-frameworks.sh\"\n";
			showEnvVarsInLog = 0;
		};
		C96F000B20C59150A350DB29 /* [CP] Check Pods Manifest.lock */ = {
			isa = PBXShellScriptBuildPhase;
			buildActionMask = 2147483647;
			files = (
			);
			inputPaths = (
			);
			name = "[CP] Check Pods Manifest.lock";
			outputPaths = (
			);
			runOnlyForDeploymentPostprocessing = 0;
			shellPath = /bin/sh;
			shellScript = "diff \"${PODS_ROOT}/../Podfile.lock\" \"${PODS_ROOT}/Manifest.lock\" > /dev/null\nif [ $? != 0 ] ; then\n    # print error to STDERR\n    echo \"error: The sandbox is not in sync with the Podfile.lock. Run 'pod install' or update your CocoaPods installation.\" >&2\n    exit 1\nfi\n";
			showEnvVarsInLog = 0;
		};
		CF4BF6A5C83923DA0BAE1699 /* [CP] Embed Pods Frameworks */ = {
			isa = PBXShellScriptBuildPhase;
			buildActionMask = 2147483647;
			files = (
			);
			inputPaths = (
			);
			name = "[CP] Embed Pods Frameworks";
			outputPaths = (
			);
			runOnlyForDeploymentPostprocessing = 0;
			shellPath = /bin/sh;
			shellScript = "\"${SRCROOT}/Pods/Target Support Files/Pods-Tumblr/Pods-Tumblr-frameworks.sh\"\n";
			showEnvVarsInLog = 0;
		};
		D39C55B44C9511958AE69D3B /* [CP] Check Pods Manifest.lock */ = {
			isa = PBXShellScriptBuildPhase;
			buildActionMask = 2147483647;
			files = (
			);
			inputPaths = (
			);
			name = "[CP] Check Pods Manifest.lock";
			outputPaths = (
			);
			runOnlyForDeploymentPostprocessing = 0;
			shellPath = /bin/sh;
			shellScript = "diff \"${PODS_ROOT}/../Podfile.lock\" \"${PODS_ROOT}/Manifest.lock\" > /dev/null\nif [ $? != 0 ] ; then\n    # print error to STDERR\n    echo \"error: The sandbox is not in sync with the Podfile.lock. Run 'pod install' or update your CocoaPods installation.\" >&2\n    exit 1\nfi\n";
			showEnvVarsInLog = 0;
		};
		E8B60D103D424BA74635F07F /* [CP] Check Pods Manifest.lock */ = {
			isa = PBXShellScriptBuildPhase;
			buildActionMask = 2147483647;
			files = (
			);
			inputPaths = (
			);
			name = "[CP] Check Pods Manifest.lock";
			outputPaths = (
			);
			runOnlyForDeploymentPostprocessing = 0;
			shellPath = /bin/sh;
			shellScript = "diff \"${PODS_ROOT}/../Podfile.lock\" \"${PODS_ROOT}/Manifest.lock\" > /dev/null\nif [ $? != 0 ] ; then\n    # print error to STDERR\n    echo \"error: The sandbox is not in sync with the Podfile.lock. Run 'pod install' or update your CocoaPods installation.\" >&2\n    exit 1\nfi\n";
			showEnvVarsInLog = 0;
		};
		FD2F8E79E4BEEE4B841365C0 /* [CP] Copy Pods Resources */ = {
			isa = PBXShellScriptBuildPhase;
			buildActionMask = 2147483647;
			files = (
			);
			inputPaths = (
			);
			name = "[CP] Copy Pods Resources";
			outputPaths = (
			);
			runOnlyForDeploymentPostprocessing = 0;
			shellPath = /bin/sh;
			shellScript = "\"${SRCROOT}/Pods/Target Support Files/Pods-Tumblr/Pods-Tumblr-resources.sh\"\n";
			showEnvVarsInLog = 0;
		};
/* End PBXShellScriptBuildPhase section */

/* Begin PBXSourcesBuildPhase section */
		66B1D8071E4442E40050034A /* Sources */ = {
			isa = PBXSourcesBuildPhase;
			buildActionMask = 2147483647;
			files = (
				66B1D8401E4451780050034A /* PhotoCellTableViewCell.swift in Sources */,
				66B1D83D1E44468B0050034A /* PhotoViewController.swift in Sources */,
				66B1D80F1E4442E40050034A /* AppDelegate.swift in Sources */,
			);
			runOnlyForDeploymentPostprocessing = 0;
		};
		66B1D81B1E4442E50050034A /* Sources */ = {
			isa = PBXSourcesBuildPhase;
			buildActionMask = 2147483647;
			files = (
				66B1D8241E4442E50050034A /* TumblrTests.swift in Sources */,
			);
			runOnlyForDeploymentPostprocessing = 0;
		};
		66B1D8261E4442E50050034A /* Sources */ = {
			isa = PBXSourcesBuildPhase;
			buildActionMask = 2147483647;
			files = (
				66B1D82F1E4442E50050034A /* TumblrUITests.swift in Sources */,
			);
			runOnlyForDeploymentPostprocessing = 0;
		};
/* End PBXSourcesBuildPhase section */

/* Begin PBXTargetDependency section */
		66B1D8211E4442E50050034A /* PBXTargetDependency */ = {
			isa = PBXTargetDependency;
			target = 66B1D80A1E4442E40050034A /* Tumblr */;
			targetProxy = 66B1D8201E4442E50050034A /* PBXContainerItemProxy */;
		};
		66B1D82C1E4442E50050034A /* PBXTargetDependency */ = {
			isa = PBXTargetDependency;
			target = 66B1D80A1E4442E40050034A /* Tumblr */;
			targetProxy = 66B1D82B1E4442E50050034A /* PBXContainerItemProxy */;
		};
/* End PBXTargetDependency section */

/* Begin PBXVariantGroup section */
		66B1D8121E4442E40050034A /* Main.storyboard */ = {
			isa = PBXVariantGroup;
			children = (
				66B1D8131E4442E40050034A /* Base */,
			);
			name = Main.storyboard;
			sourceTree = "<group>";
		};
		66B1D8171E4442E40050034A /* LaunchScreen.storyboard */ = {
			isa = PBXVariantGroup;
			children = (
				66B1D8181E4442E40050034A /* Base */,
			);
			name = LaunchScreen.storyboard;
			sourceTree = "<group>";
		};
/* End PBXVariantGroup section */

/* Begin XCBuildConfiguration section */
		66B1D8311E4442E50050034A /* Debug */ = {
			isa = XCBuildConfiguration;
			buildSettings = {
				ALWAYS_SEARCH_USER_PATHS = NO;
				CLANG_ANALYZER_NONNULL = YES;
				CLANG_CXX_LANGUAGE_STANDARD = "gnu++0x";
				CLANG_CXX_LIBRARY = "libc++";
				CLANG_ENABLE_MODULES = YES;
				CLANG_ENABLE_OBJC_ARC = YES;
				CLANG_WARN_BOOL_CONVERSION = YES;
				CLANG_WARN_CONSTANT_CONVERSION = YES;
				CLANG_WARN_DIRECT_OBJC_ISA_USAGE = YES_ERROR;
				CLANG_WARN_DOCUMENTATION_COMMENTS = YES;
				CLANG_WARN_EMPTY_BODY = YES;
				CLANG_WARN_ENUM_CONVERSION = YES;
				CLANG_WARN_INFINITE_RECURSION = YES;
				CLANG_WARN_INT_CONVERSION = YES;
				CLANG_WARN_OBJC_ROOT_CLASS = YES_ERROR;
				CLANG_WARN_SUSPICIOUS_MOVE = YES;
				CLANG_WARN_UNREACHABLE_CODE = YES;
				CLANG_WARN__DUPLICATE_METHOD_MATCH = YES;
				"CODE_SIGN_IDENTITY[sdk=iphoneos*]" = "iPhone Developer";
				COPY_PHASE_STRIP = NO;
				DEBUG_INFORMATION_FORMAT = dwarf;
				ENABLE_STRICT_OBJC_MSGSEND = YES;
				ENABLE_TESTABILITY = YES;
				GCC_C_LANGUAGE_STANDARD = gnu99;
				GCC_DYNAMIC_NO_PIC = NO;
				GCC_NO_COMMON_BLOCKS = YES;
				GCC_OPTIMIZATION_LEVEL = 0;
				GCC_PREPROCESSOR_DEFINITIONS = (
					"DEBUG=1",
					"$(inherited)",
				);
				GCC_WARN_64_TO_32_BIT_CONVERSION = YES;
				GCC_WARN_ABOUT_RETURN_TYPE = YES_ERROR;
				GCC_WARN_UNDECLARED_SELECTOR = YES;
				GCC_WARN_UNINITIALIZED_AUTOS = YES_AGGRESSIVE;
				GCC_WARN_UNUSED_FUNCTION = YES;
				GCC_WARN_UNUSED_VARIABLE = YES;
				IPHONEOS_DEPLOYMENT_TARGET = 10.2;
				MTL_ENABLE_DEBUG_INFO = YES;
				ONLY_ACTIVE_ARCH = YES;
				SDKROOT = iphoneos;
				SWIFT_ACTIVE_COMPILATION_CONDITIONS = DEBUG;
				SWIFT_OPTIMIZATION_LEVEL = "-Onone";
			};
			name = Debug;
		};
		66B1D8321E4442E50050034A /* Release */ = {
			isa = XCBuildConfiguration;
			buildSettings = {
				ALWAYS_SEARCH_USER_PATHS = NO;
				CLANG_ANALYZER_NONNULL = YES;
				CLANG_CXX_LANGUAGE_STANDARD = "gnu++0x";
				CLANG_CXX_LIBRARY = "libc++";
				CLANG_ENABLE_MODULES = YES;
				CLANG_ENABLE_OBJC_ARC = YES;
				CLANG_WARN_BOOL_CONVERSION = YES;
				CLANG_WARN_CONSTANT_CONVERSION = YES;
				CLANG_WARN_DIRECT_OBJC_ISA_USAGE = YES_ERROR;
				CLANG_WARN_DOCUMENTATION_COMMENTS = YES;
				CLANG_WARN_EMPTY_BODY = YES;
				CLANG_WARN_ENUM_CONVERSION = YES;
				CLANG_WARN_INFINITE_RECURSION = YES;
				CLANG_WARN_INT_CONVERSION = YES;
				CLANG_WARN_OBJC_ROOT_CLASS = YES_ERROR;
				CLANG_WARN_SUSPICIOUS_MOVE = YES;
				CLANG_WARN_UNREACHABLE_CODE = YES;
				CLANG_WARN__DUPLICATE_METHOD_MATCH = YES;
				"CODE_SIGN_IDENTITY[sdk=iphoneos*]" = "iPhone Developer";
				COPY_PHASE_STRIP = NO;
				DEBUG_INFORMATION_FORMAT = "dwarf-with-dsym";
				ENABLE_NS_ASSERTIONS = NO;
				ENABLE_STRICT_OBJC_MSGSEND = YES;
				GCC_C_LANGUAGE_STANDARD = gnu99;
				GCC_NO_COMMON_BLOCKS = YES;
				GCC_WARN_64_TO_32_BIT_CONVERSION = YES;
				GCC_WARN_ABOUT_RETURN_TYPE = YES_ERROR;
				GCC_WARN_UNDECLARED_SELECTOR = YES;
				GCC_WARN_UNINITIALIZED_AUTOS = YES_AGGRESSIVE;
				GCC_WARN_UNUSED_FUNCTION = YES;
				GCC_WARN_UNUSED_VARIABLE = YES;
				IPHONEOS_DEPLOYMENT_TARGET = 10.2;
				MTL_ENABLE_DEBUG_INFO = NO;
				SDKROOT = iphoneos;
				SWIFT_OPTIMIZATION_LEVEL = "-Owholemodule";
				VALIDATE_PRODUCT = YES;
			};
			name = Release;
		};
		66B1D8341E4442E50050034A /* Debug */ = {
			isa = XCBuildConfiguration;
			baseConfigurationReference = 704485A6F6B76A9CD0D1328E /* Pods-Tumblr.debug.xcconfig */;
			buildSettings = {
				ASSETCATALOG_COMPILER_APPICON_NAME = AppIcon;
				INFOPLIST_FILE = Tumblr/Info.plist;
				LD_RUNPATH_SEARCH_PATHS = "$(inherited) @executable_path/Frameworks";
				PRODUCT_BUNDLE_IDENTIFIER = Sophia.Tumblr;
				PRODUCT_NAME = "$(TARGET_NAME)";
				SWIFT_VERSION = 3.0;
			};
			name = Debug;
		};
		66B1D8351E4442E50050034A /* Release */ = {
			isa = XCBuildConfiguration;
			baseConfigurationReference = 01F34102EDC489578712C5F0 /* Pods-Tumblr.release.xcconfig */;
			buildSettings = {
				ASSETCATALOG_COMPILER_APPICON_NAME = AppIcon;
				INFOPLIST_FILE = Tumblr/Info.plist;
				LD_RUNPATH_SEARCH_PATHS = "$(inherited) @executable_path/Frameworks";
				PRODUCT_BUNDLE_IDENTIFIER = Sophia.Tumblr;
				PRODUCT_NAME = "$(TARGET_NAME)";
				SWIFT_VERSION = 3.0;
			};
			name = Release;
		};
		66B1D8371E4442E50050034A /* Debug */ = {
			isa = XCBuildConfiguration;
			baseConfigurationReference = E6EF4D9B01F1ECEDF97BA23E /* Pods-TumblrTests.debug.xcconfig */;
			buildSettings = {
				ALWAYS_EMBED_SWIFT_STANDARD_LIBRARIES = YES;
				BUNDLE_LOADER = "$(TEST_HOST)";
				INFOPLIST_FILE = TumblrTests/Info.plist;
				LD_RUNPATH_SEARCH_PATHS = "$(inherited) @executable_path/Frameworks @loader_path/Frameworks";
				PRODUCT_BUNDLE_IDENTIFIER = Sophia.TumblrTests;
				PRODUCT_NAME = "$(TARGET_NAME)";
				SWIFT_VERSION = 3.0;
				TEST_HOST = "$(BUILT_PRODUCTS_DIR)/Tumblr.app/Tumblr";
			};
			name = Debug;
		};
		66B1D8381E4442E50050034A /* Release */ = {
			isa = XCBuildConfiguration;
			baseConfigurationReference = 71403201FB979480F41A856F /* Pods-TumblrTests.release.xcconfig */;
			buildSettings = {
				ALWAYS_EMBED_SWIFT_STANDARD_LIBRARIES = YES;
				BUNDLE_LOADER = "$(TEST_HOST)";
				INFOPLIST_FILE = TumblrTests/Info.plist;
				LD_RUNPATH_SEARCH_PATHS = "$(inherited) @executable_path/Frameworks @loader_path/Frameworks";
				PRODUCT_BUNDLE_IDENTIFIER = Sophia.TumblrTests;
				PRODUCT_NAME = "$(TARGET_NAME)";
				SWIFT_VERSION = 3.0;
				TEST_HOST = "$(BUILT_PRODUCTS_DIR)/Tumblr.app/Tumblr";
			};
			name = Release;
		};
		66B1D83A1E4442E50050034A /* Debug */ = {
			isa = XCBuildConfiguration;
			baseConfigurationReference = 845045E0AB1485C7735F2091 /* Pods-TumblrUITests.debug.xcconfig */;
			buildSettings = {
				ALWAYS_EMBED_SWIFT_STANDARD_LIBRARIES = YES;
				INFOPLIST_FILE = TumblrUITests/Info.plist;
				LD_RUNPATH_SEARCH_PATHS = "$(inherited) @executable_path/Frameworks @loader_path/Frameworks";
				PRODUCT_BUNDLE_IDENTIFIER = Sophia.TumblrUITests;
				PRODUCT_NAME = "$(TARGET_NAME)";
				SWIFT_VERSION = 3.0;
				TEST_TARGET_NAME = Tumblr;
			};
			name = Debug;
		};
		66B1D83B1E4442E50050034A /* Release */ = {
			isa = XCBuildConfiguration;
			baseConfigurationReference = EEAEB42E2ABF7D9E1E68855B /* Pods-TumblrUITests.release.xcconfig */;
			buildSettings = {
				ALWAYS_EMBED_SWIFT_STANDARD_LIBRARIES = YES;
				INFOPLIST_FILE = TumblrUITests/Info.plist;
				LD_RUNPATH_SEARCH_PATHS = "$(inherited) @executable_path/Frameworks @loader_path/Frameworks";
				PRODUCT_BUNDLE_IDENTIFIER = Sophia.TumblrUITests;
				PRODUCT_NAME = "$(TARGET_NAME)";
				SWIFT_VERSION = 3.0;
				TEST_TARGET_NAME = Tumblr;
			};
			name = Release;
		};
/* End XCBuildConfiguration section */

/* Begin XCConfigurationList section */
		66B1D8061E4442E40050034A /* Build configuration list for PBXProject "Tumblr" */ = {
			isa = XCConfigurationList;
			buildConfigurations = (
				66B1D8311E4442E50050034A /* Debug */,
				66B1D8321E4442E50050034A /* Release */,
			);
			defaultConfigurationIsVisible = 0;
			defaultConfigurationName = Release;
		};
		66B1D8331E4442E50050034A /* Build configuration list for PBXNativeTarget "Tumblr" */ = {
			isa = XCConfigurationList;
			buildConfigurations = (
				66B1D8341E4442E50050034A /* Debug */,
				66B1D8351E4442E50050034A /* Release */,
			);
			defaultConfigurationIsVisible = 0;
			defaultConfigurationName = Release;
		};
		66B1D8361E4442E50050034A /* Build configuration list for PBXNativeTarget "TumblrTests" */ = {
			isa = XCConfigurationList;
			buildConfigurations = (
				66B1D8371E4442E50050034A /* Debug */,
				66B1D8381E4442E50050034A /* Release */,
			);
			defaultConfigurationIsVisible = 0;
			defaultConfigurationName = Release;
		};
		66B1D8391E4442E50050034A /* Build configuration list for PBXNativeTarget "TumblrUITests" */ = {
			isa = XCConfigurationList;
			buildConfigurations = (
				66B1D83A1E4442E50050034A /* Debug */,
				66B1D83B1E4442E50050034A /* Release */,
			);
			defaultConfigurationIsVisible = 0;
			defaultConfigurationName = Release;
		};
/* End XCConfigurationList section */
	};
	rootObject = 66B1D8031E4442E40050034A /* Project object */;
}
